
Microsoft Visual Studio Solution File, Format Version 12.00
# Visual Studio Version 16
VisualStudioVersion = 16.0.31424.327
MinimumVisualStudioVersion = 10.0.40219.1
Project("{FAE04EC0-301F-11D3-BF4B-00C04F79EFBC}") = "exa recu 3", "exa recu 3\exa recu 3.csproj", "{C0A4146E-8E21-4BC0-8C73-EA3B1135E507}"
EndProject
Global
	GlobalSection(SolutionConfigurationPlatforms) = preSolution
		Debug|Any CPU = Debug|Any CPU
		Release|Any CPU = Release|Any CPU
	EndGlobalSection
	GlobalSection(ProjectConfigurationPlatforms) = postSolution
		{C0A4146E-8E21-4BC0-8C73-EA3B1135E507}.Debug|Any CPU.ActiveCfg = Debug|Any CPU
		{C0A4146E-8E21-4BC0-8C73-EA3B1135E507}.Debug|Any CPU.Build.0 = Debug|Any CPU
		{C0A4146E-8E21-4BC0-8C73-EA3B1135E507}.Release|Any CPU.ActiveCfg = Release|Any CPU
		{C0A4146E-8E21-4BC0-8C73-EA3B1135E507}.Release|Any CPU.Build.0 = Release|Any CPU
	EndGlobalSection
	GlobalSection(SolutionProperties) = preSolution
		HideSolutionNode = FALSE
	EndGlobalSection
	GlobalSection(ExtensibilityGlobals) = postSolution
		SolutionGuid = {E6BA42D2-79D7-4267-8A64-A8961EFD1C72}
	EndGlobalSection
EndGlobal
